{
  "lockfileVersion": 1,
  "configVersion": 1,
  "workspaces": {
    "": {
      "name": "opencode-router",
      "dependencies": {
        "@larksuiteoapi/node-sdk": "^1.66.0",
        "@opencode-ai/sdk": "^1.15.12",
        "@slack/socket-mode": "^2.0.5",
        "@slack/web-api": "^7.13.0",
        "@wecom/aibot-node-sdk": "^1.0.7",
        "commander": "^12.1.0",
        "dotenv": "^16.4.7",
        "fast-xml-parser": "^5.9.0",
        "grammy": "^1.39.3",
        "pino": "^9.6.0",
      },
      "devDependencies": {
        "@types/node": "^22.10.2",
        "bun-types": "^1.3.6",
        "typescript": "^5.6.3",
      },
    },
  },
  "packages": {
    "@grammyjs/types": ["@grammyjs/types@3.28.0", "https://registry.npmmirror.com/@grammyjs/types/-/types-3.28.0.tgz", {}, "sha512-4JvXCdxRZHCje0M4gHzLwtB4bLno3WD28xd8CNfk4POWIu73BFnSvGeW6OQ5gPem4eYTEwkD9yDaXssixl6tMQ=="],

    "@larksuiteoapi/node-sdk": ["@larksuiteoapi/node-sdk@1.67.0", "https://registry.npmmirror.com/@larksuiteoapi/node-sdk/-/node-sdk-1.67.0.tgz", { "dependencies": { "axios": "~1.13.3", "lodash.identity": "^3.0.0", "lodash.merge": "^4.6.2", "lodash.pickby": "^4.6.0", "protobufjs": "^7.2.6", "qs": "^6.14.2", "ws": "^8.19.0" } }, "sha512-pr3iZbK+CkwgwIhUzt86mZGP/wLCzBDRmCy+Vt+/UAWx/KjwxwrRpfAKm4eOmd0uUd8AcG2mWC/ZSUMu7lZIqg=="],

    "@nodable/entities": ["@nodable/entities@2.2.0", "https://registry.npmmirror.com/@nodable/entities/-/entities-2.2.0.tgz", {}, "sha512-9uGyhaQavEUMC8AIddIjau4NsnsXhou+j5sBAGojCM1oxmQpVKTWR/9JxABD6UAv12vpIms55fPZKFQEhG6uBg=="],

    "@opencode-ai/sdk": ["@opencode-ai/sdk@1.17.7", "https://registry.npmmirror.com/@opencode-ai/sdk/-/sdk-1.17.7.tgz", { "dependencies": { "cross-spawn": "7.0.6" } }, "sha512-7q7StGM+N0OwUgRsmDc8Gyz3hMIH1XGig+qZ4lzWUpmSgFEjLx8U7R14GXY7KiMJVdbVf6FeaYloRz2Rcsma4A=="],

    "@pinojs/redact": ["@pinojs/redact@0.4.0", "https://registry.npmmirror.com/@pinojs/redact/-/redact-0.4.0.tgz", {}, "sha512-k2ENnmBugE/rzQfEcdWHcCY+/FM3VLzH9cYEsbdsoqrvzAKRhUZeRNhAZvB8OitQJ1TBed3yqWtdjzS6wJKBwg=="],

    "@protobufjs/aspromise": ["@protobufjs/aspromise@1.1.2", "https://registry.npmmirror.com/@protobufjs/aspromise/-/aspromise-1.1.2.tgz", {}, "sha512-j+gKExEuLmKwvz3OgROXtrJ2UG2x8Ch2YZUxahh+s1F2HZ+wAceUNLkvy6zKCPVRkU++ZWQrdxsUeQXmcg4uoQ=="],

    "@protobufjs/base64": ["@protobufjs/base64@1.1.2", "https://registry.npmmirror.com/@protobufjs/base64/-/base64-1.1.2.tgz", {}, "sha512-AZkcAA5vnN/v4PDqKyMR5lx7hZttPDgClv83E//FMNhR2TMcLUhfRUBHCmSl0oi9zMgDDqRUJkSxO3wm85+XLg=="],

    "@protobufjs/codegen": ["@protobufjs/codegen@2.0.5", "https://registry.npmmirror.com/@protobufjs/codegen/-/codegen-2.0.5.tgz", {}, "sha512-zgXFLzW3Ap33e6d0Wlj4MGIm6Ce8O89n/apUaGNB/jx+hw+ruWEp7EwGUshdLKVRCxZW12fp9r40E1mQrf/34g=="],

    "@protobufjs/eventemitter": ["@protobufjs/eventemitter@1.1.1", "https://registry.npmmirror.com/@protobufjs/eventemitter/-/eventemitter-1.1.1.tgz", {}, "sha512-vW1GmwMZNnL+gMRaovlh9yZX74kc+TTU3FObkkurpMaRtBfLP3ldjS9KQWlwZgraRE0+dheEEoAxdzcJQ8eXZg=="],

    "@protobufjs/fetch": ["@protobufjs/fetch@1.1.1", "https://registry.npmmirror.com/@protobufjs/fetch/-/fetch-1.1.1.tgz", { "dependencies": { "@protobufjs/aspromise": "^1.1.1" } }, "sha512-GpptLrs57adMSuHi3VNj0mAF8dwh36LMaYF6XyJ6JMWlVsc+t42tm1HSEDmOs3A8fC9yyeisgLhsTVQokOZ0zw=="],

    "@protobufjs/float": ["@protobufjs/float@1.0.2", "https://registry.npmmirror.com/@protobufjs/float/-/float-1.0.2.tgz", {}, "sha512-Ddb+kVXlXst9d+R9PfTIxh1EdNkgoRe5tOX6t01f1lYWOvJnSPDBlG241QLzcyPdoNTsblLUdujGSE4RzrTZGQ=="],

    "@protobufjs/path": ["@protobufjs/path@1.1.2", "https://registry.npmmirror.com/@protobufjs/path/-/path-1.1.2.tgz", {}, "sha512-6JOcJ5Tm08dOHAbdR3GrvP+yUUfkjG5ePsHYczMFLq3ZmMkAD98cDgcT2iA1lJ9NVwFd4tH/iSSoe44YWkltEA=="],

    "@protobufjs/pool": ["@protobufjs/pool@1.1.0", "https://registry.npmmirror.com/@protobufjs/pool/-/pool-1.1.0.tgz", {}, "sha512-0kELaGSIDBKvcgS4zkjz1PeddatrjYcmMWOlAuAPwAeccUrPHdUqo/J6LiymHHEiJT5NrF1UVwxY14f+fy4WQw=="],

    "@protobufjs/utf8": ["@protobufjs/utf8@1.1.1", "https://registry.npmmirror.com/@protobufjs/utf8/-/utf8-1.1.1.tgz", {}, "sha512-oOAWABowe8EAbMyWKM0tYDKi8Yaox52D+HWZhAIJqQXbqe0xI/GV7FhLWqlEKreMkfDjshR5FKgi3mnle0h6Eg=="],

    "@slack/logger": ["@slack/logger@4.0.1", "https://registry.npmmirror.com/@slack/logger/-/logger-4.0.1.tgz", { "dependencies": { "@types/node": ">=18" } }, "sha512-6cmdPrV/RYfd2U0mDGiMK8S7OJqpCTm7enMLRR3edccsPX8j7zXTLnaEF4fhxxJJTAIOil6+qZrnUPTuaLvwrQ=="],

    "@slack/socket-mode": ["@slack/socket-mode@2.0.7", "https://registry.npmmirror.com/@slack/socket-mode/-/socket-mode-2.0.7.tgz", { "dependencies": { "@slack/logger": "^4.0.1", "@slack/web-api": "^7.15.0", "@types/node": ">=18", "@types/ws": "^8", "eventemitter3": "^5", "ws": "^8" } }, "sha512-qYy07je71WnEHgRwmw12DlAnZLi5HXmdlI2WUzUK2LH/rYXQpP6uEg462S5CwfE8FoCKUdIigHtYnOOfzZH1lQ=="],

    "@slack/types": ["@slack/types@2.21.1", "https://registry.npmmirror.com/@slack/types/-/types-2.21.1.tgz", {}, "sha512-I8vmSjNYWsaxuWPx6dz4yeh0h7vRBWbgAMK14LEmblbZ404BtrPbXs6jDPx4cYgGf8msDGF4A9opLZBu21FViQ=="],

    "@slack/web-api": ["@slack/web-api@7.17.0", "https://registry.npmmirror.com/@slack/web-api/-/web-api-7.17.0.tgz", { "dependencies": { "@slack/logger": "^4.0.1", "@slack/types": "^2.21.0", "@types/node": ">=18", "@types/retry": "0.12.0", "axios": "^1.16.0", "eventemitter3": "^5.0.1", "form-data": "^4.0.4", "is-electron": "2.2.2", "is-stream": "^2", "p-queue": "^6", "p-retry": "^4", "retry": "^0.13.1" } }, "sha512-jejr34a8B4L5AS713wOAx1LAqNkW16HVMDEa6sYBvFDc/llUBl8hXaiI4BwF+Al+Sug19Vn2O7iokTVIhVvZ1Q=="],

    "@types/node": ["@types/node@22.19.21", "https://registry.npmmirror.com/@types/node/-/node-22.19.21.tgz", { "dependencies": { "undici-types": "~6.21.0" } }, "sha512-VMeFBSCKQKmm2swI2kW51SFusDqekC6q9trBCvJ/JliDchFSuoYYKN7yVNjPthP1HKZcx3U1gI/wTcEBjEFKTA=="],

    "@types/retry": ["@types/retry@0.12.0", "https://registry.npmmirror.com/@types/retry/-/retry-0.12.0.tgz", {}, "sha512-wWKOClTTiizcZhXnPY4wikVAwmdYHp8q6DmC+EJUzAMsycb7HB32Kh9RN4+0gExjmPmZSAQjgURXIGATPegAvA=="],

    "@types/ws": ["@types/ws@8.18.1", "https://registry.npmmirror.com/@types/ws/-/ws-8.18.1.tgz", { "dependencies": { "@types/node": "*" } }, "sha512-ThVF6DCVhA8kUGy+aazFQ4kXQ7E1Ty7A3ypFOe0IcJV8O/M511G99AW24irKrW56Wt44yG9+ij8FaqoBGkuBXg=="],

    "@wecom/aibot-node-sdk": ["@wecom/aibot-node-sdk@1.0.7", "https://registry.npmmirror.com/@wecom/aibot-node-sdk/-/aibot-node-sdk-1.0.7.tgz", { "dependencies": { "axios": "^1.6.7", "eventemitter3": "^5.0.1", "ws": "^8.16.0" } }, "sha512-51w+sTqunry6GD3HFvmuh0gArMSJDFE418vyvR1wMJHj1N6DaFuGD3HuaY2fazZs3mb9FWeQFX3+vU5t0Qhwmw=="],

    "abort-controller": ["abort-controller@3.0.0", "https://registry.npmmirror.com/abort-controller/-/abort-controller-3.0.0.tgz", { "dependencies": { "event-target-shim": "^5.0.0" } }, "sha512-h8lQ8tacZYnR3vNQTgibj+tODHI5/+l06Au2Pcriv/Gmet0eaj4TwWH41sO9wnHDiQsEj19q0drzdWdeAHtweg=="],

    "agent-base": ["agent-base@6.0.2", "https://registry.npmmirror.com/agent-base/-/agent-base-6.0.2.tgz", { "dependencies": { "debug": "4" } }, "sha512-RZNwNclF7+MS/8bDg70amg32dyeZGZxiDuQmZxKLAlQjr3jGyLx+4Kkk58UO7D2QdgFIQCovuSuZESne6RG6XQ=="],

    "anynum": ["anynum@1.0.0", "https://registry.npmmirror.com/anynum/-/anynum-1.0.0.tgz", {}, "sha512-xjR9/zBVnUOP6ztMIIgShjsxui80nQUQH+5xJnvrYLs+90bF25/KJqaAi8mk+B4RDtX1Nspi6fmp4YTEts8SfA=="],

    "asynckit": ["asynckit@0.4.0", "https://registry.npmmirror.com/asynckit/-/asynckit-0.4.0.tgz", {}, "sha512-Oei9OH4tRh0YqU3GxhX79dM/mwVgvbZJaSNaRk+bshkj0S5cfHcgYakreBjrHwatXKbz+IoIdYLxrKim2MjW0Q=="],

    "atomic-sleep": ["atomic-sleep@1.0.0", "https://registry.npmmirror.com/atomic-sleep/-/atomic-sleep-1.0.0.tgz", {}, "sha512-kNOjDqAh7px0XWNI+4QbzoiR/nTkHAWNud2uvnJquD1/x5a7EQZMJT0AczqK0Qn67oY/TTQ1LbUKajZpp3I9tQ=="],

    "axios": ["axios@1.13.6", "https://registry.npmmirror.com/axios/-/axios-1.13.6.tgz", { "dependencies": { "follow-redirects": "^1.15.11", "form-data": "^4.0.5", "proxy-from-env": "^1.1.0" } }, "sha512-ChTCHMouEe2kn713WHbQGcuYrr6fXTBiu460OTwWrWob16g1bXn4vtz07Ope7ewMozJAnEquLk5lWQWtBig9DQ=="],

    "bun-types": ["bun-types@1.3.14", "https://registry.npmmirror.com/bun-types/-/bun-types-1.3.14.tgz", { "dependencies": { "@types/node": "*" } }, "sha512-4N0ig0fEomHt5R0KCFWjovxow98rIoRwKolrYdCcknNwMekCXRnWEUvgu5soYV8QXtVsrUD8B95MBOZGPvr6KQ=="],

    "call-bind-apply-helpers": ["call-bind-apply-helpers@1.0.2", "https://registry.npmmirror.com/call-bind-apply-helpers/-/call-bind-apply-helpers-1.0.2.tgz", { "dependencies": { "es-errors": "^1.3.0", "function-bind": "^1.1.2" } }, "sha512-Sp1ablJ0ivDkSzjcaJdxEunN5/XvksFJ2sMBFfq6x0ryhQV/2b/KwFe21cMpmHtPOSij8K99/wSfoEuTObmuMQ=="],

    "call-bound": ["call-bound@1.0.4", "https://registry.npmmirror.com/call-bound/-/call-bound-1.0.4.tgz", { "dependencies": { "call-bind-apply-helpers": "^1.0.2", "get-intrinsic": "^1.3.0" } }, "sha512-+ys997U96po4Kx/ABpBCqhA9EuxJaQWDQg7295H4hBphv3IZg0boBKuwYpt4YXp6MZ5AmZQnU/tyMTlRpaSejg=="],

    "combined-stream": ["combined-stream@1.0.8", "https://registry.npmmirror.com/combined-stream/-/combined-stream-1.0.8.tgz", { "dependencies": { "delayed-stream": "~1.0.0" } }, "sha512-FQN4MRfuJeHf7cBbBMJFXhKSDq+2kAArBlmRBvcvFE5BB1HZKXtSFASDhdlz9zOYwxh8lDdnvmMOe/+5cdoEdg=="],

    "commander": ["commander@12.1.0", "https://registry.npmmirror.com/commander/-/commander-12.1.0.tgz", {}, "sha512-Vw8qHK3bZM9y/P10u3Vib8o/DdkvA2OtPtZvD871QKjy74Wj1WSKFILMPRPSdUSx5RFK1arlJzEtA4PkFgnbuA=="],

    "cross-spawn": ["cross-spawn@7.0.6", "https://registry.npmmirror.com/cross-spawn/-/cross-spawn-7.0.6.tgz", { "dependencies": { "path-key": "^3.1.0", "shebang-command": "^2.0.0", "which": "^2.0.1" } }, "sha512-uV2QOWP2nWzsy2aMp8aRibhi9dlzF5Hgh5SHaB9OiTGEyDTiJJyx0uy51QXdyWbtAHNua4XJzUKca3OzKUd3vA=="],

    "debug": ["debug@4.4.3", "https://registry.npmmirror.com/debug/-/debug-4.4.3.tgz", { "dependencies": { "ms": "^2.1.3" } }, "sha512-RGwwWnwQvkVfavKVt22FGLw+xYSdzARwm0ru6DhTVA3umU5hZc28V3kO4stgYryrTlLpuvgI9GiijltAjNbcqA=="],

    "delayed-stream": ["delayed-stream@1.0.0", "https://registry.npmmirror.com/delayed-stream/-/delayed-stream-1.0.0.tgz", {}, "sha512-ZySD7Nf91aLB0RxL4KGrKHBXl7Eds1DAmEdcoVawXnLD7SDhpNgtuII2aAkg7a7QS41jxPSZ17p4VdGnMHk3MQ=="],

    "dotenv": ["dotenv@16.6.1", "https://registry.npmmirror.com/dotenv/-/dotenv-16.6.1.tgz", {}, "sha512-uBq4egWHTcTt33a72vpSG0z3HnPuIl6NqYcTrKEg2azoEyl2hpW0zqlxysq2pK9HlDIHyHyakeYaYnSAwd8bow=="],

    "dunder-proto": ["dunder-proto@1.0.1", "https://registry.npmmirror.com/dunder-proto/-/dunder-proto-1.0.1.tgz", { "dependencies": { "call-bind-apply-helpers": "^1.0.1", "es-errors": "^1.3.0", "gopd": "^1.2.0" } }, "sha512-KIN/nDJBQRcXw0MLVhZE9iQHmG68qAVIBg9CqmUYjmQIhgij9U5MFvrqkUL5FbtyyzZuOeOt0zdeRe4UY7ct+A=="],

    "es-define-property": ["es-define-property@1.0.1", "https://registry.npmmirror.com/es-define-property/-/es-define-property-1.0.1.tgz", {}, "sha512-e3nRfgfUZ4rNGL232gUgX06QNyyez04KdjFrF+LTRoOXmrOgFKDg4BCdsjW8EnT69eqdYGmRpJwiPVYNrCaW3g=="],

    "es-errors": ["es-errors@1.3.0", "https://registry.npmmirror.com/es-errors/-/es-errors-1.3.0.tgz", {}, "sha512-Zf5H2Kxt2xjTvbJvP2ZWLEICxA6j+hAmMzIlypy4xcBg1vKVnx89Wy0GbS+kf5cwCVFFzdCFh2XSCFNULS6csw=="],

    "es-object-atoms": ["es-object-atoms@1.1.2", "https://registry.npmmirror.com/es-object-atoms/-/es-object-atoms-1.1.2.tgz", { "dependencies": { "es-errors": "^1.3.0" } }, "sha512-HWcBoN6NileqtSydK2FqHbS/LoDd2pqrnQHLyJzBj4kOp/ky2MWMN694xOfkK8/SnUsW2DH7EfyVlydKCsm1Zw=="],

    "es-set-tostringtag": ["es-set-tostringtag@2.1.0", "https://registry.npmmirror.com/es-set-tostringtag/-/es-set-tostringtag-2.1.0.tgz", { "dependencies": { "es-errors": "^1.3.0", "get-intrinsic": "^1.2.6", "has-tostringtag": "^1.0.2", "hasown": "^2.0.2" } }, "sha512-j6vWzfrGVfyXxge+O0x5sh6cvxAog0a/4Rdd2K36zCMV5eJ+/+tOAngRO8cODMNWbVRdVlmGZQL2YS3yR8bIUA=="],

    "event-target-shim": ["event-target-shim@5.0.1", "https://registry.npmmirror.com/event-target-shim/-/event-target-shim-5.0.1.tgz", {}, "sha512-i/2XbnSz/uxRCU6+NdVJgKWDTM427+MqYbkQzD321DuCQJUqOuJKIA0IM2+W2xtYHdKOmZ4dR6fExsd4SXL+WQ=="],

    "eventemitter3": ["eventemitter3@5.0.4", "https://registry.npmmirror.com/eventemitter3/-/eventemitter3-5.0.4.tgz", {}, "sha512-mlsTRyGaPBjPedk6Bvw+aqbsXDtoAyAzm5MO7JgU+yVRyMQ5O8bD4Kcci7BS85f93veegeCPkL8R4GLClnjLFw=="],

    "fast-xml-builder": ["fast-xml-builder@1.2.0", "https://registry.npmmirror.com/fast-xml-builder/-/fast-xml-builder-1.2.0.tgz", { "dependencies": { "path-expression-matcher": "^1.5.0", "xml-naming": "^0.1.0" } }, "sha512-00aAWieqff+ZJhsXA4g1g7M8k+7AYoMUUHF+/zFb5U6Uv/P0Vl4QZo84/IcufzYalLuEj9928bXN9PbbFzMF0Q=="],

    "fast-xml-parser": ["fast-xml-parser@5.9.0", "https://registry.npmmirror.com/fast-xml-parser/-/fast-xml-parser-5.9.0.tgz", { "dependencies": { "@nodable/entities": "^2.2.0", "fast-xml-builder": "^1.2.0", "is-unsafe": "^1.0.1", "path-expression-matcher": "^1.5.0", "strnum": "^2.4.0", "xml-naming": "^0.1.0" }, "bin": { "fxparser": "src/cli/cli.js" } }, "sha512-duBuXbyIhEeNO4GjFuVqr0nF047oNwr18aum+zJyqo0MUG/n7Afgs3Qv3D6VN3ONedUKxiuFlPiMGIa0Z11chA=="],

    "follow-redirects": ["follow-redirects@1.16.0", "https://registry.npmmirror.com/follow-redirects/-/follow-redirects-1.16.0.tgz", {}, "sha512-y5rN/uOsadFT/JfYwhxRS5R7Qce+g3zG97+JrtFZlC9klX/W5hD7iiLzScI4nZqUS7DNUdhPgw4xI8W2LuXlUw=="],

    "form-data": ["form-data@4.0.6", "https://registry.npmmirror.com/form-data/-/form-data-4.0.6.tgz", { "dependencies": { "asynckit": "^0.4.0", "combined-stream": "^1.0.8", "es-set-tostringtag": "^2.1.0", "hasown": "^2.0.4", "mime-types": "^2.1.35" } }, "sha512-vKatAh4SlVfgbv+YtmhiRjhEMJsYpsG1Y2rMQtR+SVSbytsSD1YGzDIcrAJmdFec88u/+VoGmxnl+80gL1tRCQ=="],

    "function-bind": ["function-bind@1.1.2", "https://registry.npmmirror.com/function-bind/-/function-bind-1.1.2.tgz", {}, "sha512-7XHNxH7qX9xG5mIwxkhumTox/MIRNcOgDrxWsMt2pAr23WHp6MrRlN7FBSFpCpr+oVO0F744iUgR82nJMfG2SA=="],

    "get-intrinsic": ["get-intrinsic@1.3.0", "https://registry.npmmirror.com/get-intrinsic/-/get-intrinsic-1.3.0.tgz", { "dependencies": { "call-bind-apply-helpers": "^1.0.2", "es-define-property": "^1.0.1", "es-errors": "^1.3.0", "es-object-atoms": "^1.1.1", "function-bind": "^1.1.2", "get-proto": "^1.0.1", "gopd": "^1.2.0", "has-symbols": "^1.1.0", "hasown": "^2.0.2", "math-intrinsics": "^1.1.0" } }, "sha512-9fSjSaos/fRIVIp+xSJlE6lfwhES7LNtKaCBIamHsjr2na1BiABJPo0mOjjz8GJDURarmCPGqaiVg5mfjb98CQ=="],

    "get-proto": ["get-proto@1.0.1", "https://registry.npmmirror.com/get-proto/-/get-proto-1.0.1.tgz", { "dependencies": { "dunder-proto": "^1.0.1", "es-object-atoms": "^1.0.0" } }, "sha512-sTSfBjoXBp89JvIKIefqw7U2CCebsc74kiY6awiGogKtoSGbgjYE/G/+l9sF3MWFPNc9IcoOC4ODfKHfxFmp0g=="],

    "gopd": ["gopd@1.2.0", "https://registry.npmmirror.com/gopd/-/gopd-1.2.0.tgz", {}, "sha512-ZUKRh6/kUFoAiTAtTYPZJ3hw9wNxx+BIBOijnlG9PnrJsCcSjs1wyyD6vJpaYtgnzDrKYRSqf3OO6Rfa93xsRg=="],

    "grammy": ["grammy@1.44.0", "https://registry.npmmirror.com/grammy/-/grammy-1.44.0.tgz", { "dependencies": { "@grammyjs/types": "3.28.0", "abort-controller": "^3.0.0", "debug": "^4.4.3", "node-fetch": "^2.7.0" } }, "sha512-gGVykS5+c5f1tPV97LuU6IDRMawE2NzpwM9pNz58HQ35IZXDnYL3VOLvNzYognPSeBIOSzQXRu5w96V0aY8y8A=="],

    "has-symbols": ["has-symbols@1.1.0", "https://registry.npmmirror.com/has-symbols/-/has-symbols-1.1.0.tgz", {}, "sha512-1cDNdwJ2Jaohmb3sg4OmKaMBwuC48sYni5HUw2DvsC8LjGTLK9h+eb1X6RyuOHe4hT0ULCW68iomhjUoKUqlPQ=="],

    "has-tostringtag": ["has-tostringtag@1.0.2", "https://registry.npmmirror.com/has-tostringtag/-/has-tostringtag-1.0.2.tgz", { "dependencies": { "has-symbols": "^1.0.3" } }, "sha512-NqADB8VjPFLM2V0VvHUewwwsw0ZWBaIdgo+ieHtK3hasLz4qeCRjYcqfB6AQrBggRKppKF8L52/VqdVsO47Dlw=="],

    "hasown": ["hasown@2.0.4", "https://registry.npmmirror.com/hasown/-/hasown-2.0.4.tgz", { "dependencies": { "function-bind": "^1.1.2" } }, "sha512-T2UbfbBEF32wiepXIsMlTW9+dDYC6wMh/t/vYA4tuOMKqWz/n3vr1NFSxQiyP+zk2mXsoMA/i/7qV6LKut1t1A=="],

    "https-proxy-agent": ["https-proxy-agent@5.0.1", "https://registry.npmmirror.com/https-proxy-agent/-/https-proxy-agent-5.0.1.tgz", { "dependencies": { "agent-base": "6", "debug": "4" } }, "sha512-dFcAjpTQFgoLMzC2VwU+C/CbS7uRL0lWmxDITmqm7C+7F0Odmj6s9l6alZc6AELXhrnggM2CeWSXHGOdX2YtwA=="],

    "is-electron": ["is-electron@2.2.2", "https://registry.npmmirror.com/is-electron/-/is-electron-2.2.2.tgz", {}, "sha512-FO/Rhvz5tuw4MCWkpMzHFKWD2LsfHzIb7i6MdPYZ/KW7AlxawyLkqdy+jPZP1WubqEADE3O4FUENlJHDfQASRg=="],

    "is-stream": ["is-stream@2.0.1", "https://registry.npmmirror.com/is-stream/-/is-stream-2.0.1.tgz", {}, "sha512-hFoiJiTl63nn+kstHGBtewWSKnQLpyb155KHheA1l39uvtO9nWIop1p3udqPcUd/xbF1VLMO4n7OI6p7RbngDg=="],

    "is-unsafe": ["is-unsafe@1.0.1", "https://registry.npmmirror.com/is-unsafe/-/is-unsafe-1.0.1.tgz", {}, "sha512-CLK2+VdgERgD96EYm5lUQssZYlRg2tkZnbsxZoacmSiRxiFJ4Nk4SzjCl+Ur+v3kXIY9dTIdb3IH22y1mZ56LA=="],

    "isexe": ["isexe@2.0.0", "https://registry.npmmirror.com/isexe/-/isexe-2.0.0.tgz", {}, "sha512-RHxMLp9lnKHGHRng9QFhRCMbYAcVpn69smSGcq3f36xjgVVWThj4qqLbTLlq7Ssj8B+fIQ1EuCEGI2lKsyQeIw=="],

    "lodash.identity": ["lodash.identity@3.0.0", "https://registry.npmmirror.com/lodash.identity/-/lodash.identity-3.0.0.tgz", {}, "sha512-AupTIzdLQxJS5wIYUQlgGyk2XRTfGXA+MCghDHqZk0pzUNYvd3EESS6dkChNauNYVIutcb0dfHw1ri9Q1yPV8Q=="],

    "lodash.merge": ["lodash.merge@4.6.2", "https://registry.npmmirror.com/lodash.merge/-/lodash.merge-4.6.2.tgz", {}, "sha512-0KpjqXRVvrYyCsX1swR/XTK0va6VQkQM6MNo7PqW77ByjAhoARA8EfrP1N4+KlKj8YS0ZUCtRT/YUuhyYDujIQ=="],

    "lodash.pickby": ["lodash.pickby@4.6.0", "https://registry.npmmirror.com/lodash.pickby/-/lodash.pickby-4.6.0.tgz", {}, "sha512-AZV+GsS/6ckvPOVQPXSiFFacKvKB4kOQu6ynt9wz0F3LO4R9Ij4K1ddYsIytDpSgLz88JHd9P+oaLeej5/Sl7Q=="],

    "long": ["long@5.3.2", "https://registry.npmmirror.com/long/-/long-5.3.2.tgz", {}, "sha512-mNAgZ1GmyNhD7AuqnTG3/VQ26o760+ZYBPKjPvugO8+nLbYfX6TVpJPseBvopbdY+qpZ/lKUnmEc1LeZYS3QAA=="],

    "math-intrinsics": ["math-intrinsics@1.1.0", "https://registry.npmmirror.com/math-intrinsics/-/math-intrinsics-1.1.0.tgz", {}, "sha512-/IXtbwEk5HTPyEwyKX6hGkYXxM9nbj64B+ilVJnC/R6B0pH5G4V3b0pVbL7DBj4tkhBAppbQUlf6F6Xl9LHu1g=="],

    "mime-db": ["mime-db@1.52.0", "https://registry.npmmirror.com/mime-db/-/mime-db-1.52.0.tgz", {}, "sha512-sPU4uV7dYlvtWJxwwxHD0PuihVNiE7TyAbQ5SWxDCB9mUYvOgroQOwYQQOKPJ8CIbE+1ETVlOoK1UC2nU3gYvg=="],

    "mime-types": ["mime-types@2.1.35", "https://registry.npmmirror.com/mime-types/-/mime-types-2.1.35.tgz", { "dependencies": { "mime-db": "1.52.0" } }, "sha512-ZDY+bPm5zTTF+YpCrAU9nK0UgICYPT0QtT1NZWFv4s++TNkcgVaT0g6+4R2uI4MjQjzysHB1zxuWL50hzaeXiw=="],

    "ms": ["ms@2.1.3", "https://registry.npmmirror.com/ms/-/ms-2.1.3.tgz", {}, "sha512-6FlzubTLZG3J2a/NVCAleEhjzq5oxgHyaCU9yYXvcLsvoVaHJq/s5xXI6/XXP6tz7R9xAOtHnSO/tXtF3WRTlA=="],

    "node-fetch": ["node-fetch@2.7.0", "https://registry.npmmirror.com/node-fetch/-/node-fetch-2.7.0.tgz", { "dependencies": { "whatwg-url": "^5.0.0" }, "peerDependencies": { "encoding": "^0.1.0" }, "optionalPeers": ["encoding"] }, "sha512-c4FRfUm/dbcWZ7U+1Wq0AwCyFL+3nt2bEw05wfxSz+DWpWsitgmSgYmy2dQdWyKC1694ELPqMs/YzUSNozLt8A=="],

    "object-inspect": ["object-inspect@1.13.4", "https://registry.npmmirror.com/object-inspect/-/object-inspect-1.13.4.tgz", {}, "sha512-W67iLl4J2EXEGTbfeHCffrjDfitvLANg0UlX3wFUUSTx92KXRFegMHUVgSqE+wvhAbi4WqjGg9czysTV2Epbew=="],

    "on-exit-leak-free": ["on-exit-leak-free@2.1.2", "https://registry.npmmirror.com/on-exit-leak-free/-/on-exit-leak-free-2.1.2.tgz", {}, "sha512-0eJJY6hXLGf1udHwfNftBqH+g73EU4B504nZeKpz1sYRKafAghwxEJunB2O7rDZkL4PGfsMVnTXZ2EjibbqcsA=="],

    "p-finally": ["p-finally@1.0.0", "https://registry.npmmirror.com/p-finally/-/p-finally-1.0.0.tgz", {}, "sha512-LICb2p9CB7FS+0eR1oqWnHhp0FljGLZCWBE9aix0Uye9W8LTQPwMTYVGWQWIw9RdQiDg4+epXQODwIYJtSJaow=="],

    "p-queue": ["p-queue@6.6.2", "https://registry.npmmirror.com/p-queue/-/p-queue-6.6.2.tgz", { "dependencies": { "eventemitter3": "^4.0.4", "p-timeout": "^3.2.0" } }, "sha512-RwFpb72c/BhQLEXIZ5K2e+AhgNVmIejGlTgiB9MzZ0e93GRvqZ7uSi0dvRF7/XIXDeNkra2fNHBxTyPDGySpjQ=="],

    "p-retry": ["p-retry@4.6.2", "https://registry.npmmirror.com/p-retry/-/p-retry-4.6.2.tgz", { "dependencies": { "@types/retry": "0.12.0", "retry": "^0.13.1" } }, "sha512-312Id396EbJdvRONlngUx0NydfrIQ5lsYu0znKVUzVvArzEIt08V1qhtyESbGVd1FGX7UKtiFp5uwKZdM8wIuQ=="],

    "p-timeout": ["p-timeout@3.2.0", "https://registry.npmmirror.com/p-timeout/-/p-timeout-3.2.0.tgz", { "dependencies": { "p-finally": "^1.0.0" } }, "sha512-rhIwUycgwwKcP9yTOOFK/AKsAopjjCakVqLHePO3CC6Mir1Z99xT+R63jZxAT5lFZLa2inS5h+ZS2GvR99/FBg=="],

    "path-expression-matcher": ["path-expression-matcher@1.5.0", "https://registry.npmmirror.com/path-expression-matcher/-/path-expression-matcher-1.5.0.tgz", {}, "sha512-cbrerZV+6rvdQrrD+iGMcZFEiiSrbv9Tfdkvnusy6y0x0GKBXREFg/Y65GhIfm0tnLntThhzCnfKwp1WRjeCyQ=="],

    "path-key": ["path-key@3.1.1", "https://registry.npmmirror.com/path-key/-/path-key-3.1.1.tgz", {}, "sha512-ojmeN0qd+y0jszEtoY48r0Peq5dwMEkIlCOu6Q5f41lfkswXuKtYrhgoTpLnyIcHm24Uhqx+5Tqm2InSwLhE6Q=="],

    "pino": ["pino@9.14.0", "https://registry.npmmirror.com/pino/-/pino-9.14.0.tgz", { "dependencies": { "@pinojs/redact": "^0.4.0", "atomic-sleep": "^1.0.0", "on-exit-leak-free": "^2.1.0", "pino-abstract-transport": "^2.0.0", "pino-std-serializers": "^7.0.0", "process-warning": "^5.0.0", "quick-format-unescaped": "^4.0.3", "real-require": "^0.2.0", "safe-stable-stringify": "^2.3.1", "sonic-boom": "^4.0.1", "thread-stream": "^3.0.0" }, "bin": { "pino": "bin.js" } }, "sha512-8OEwKp5juEvb/MjpIc4hjqfgCNysrS94RIOMXYvpYCdm/jglrKEiAYmiumbmGhCvs+IcInsphYDFwqrjr7398w=="],

    "pino-abstract-transport": ["pino-abstract-transport@2.0.0", "https://registry.npmmirror.com/pino-abstract-transport/-/pino-abstract-transport-2.0.0.tgz", { "dependencies": { "split2": "^4.0.0" } }, "sha512-F63x5tizV6WCh4R6RHyi2Ml+M70DNRXt/+HANowMflpgGFMAym/VKm6G7ZOQRjqN7XbGxK1Lg9t6ZrtzOaivMw=="],

    "pino-std-serializers": ["pino-std-serializers@7.1.0", "https://registry.npmmirror.com/pino-std-serializers/-/pino-std-serializers-7.1.0.tgz", {}, "sha512-BndPH67/JxGExRgiX1dX0w1FvZck5Wa4aal9198SrRhZjH3GxKQUKIBnYJTdj2HDN3UQAS06HlfcSbQj2OHmaw=="],

    "process-warning": ["process-warning@5.0.0", "https://registry.npmmirror.com/process-warning/-/process-warning-5.0.0.tgz", {}, "sha512-a39t9ApHNx2L4+HBnQKqxxHNs1r7KF+Intd8Q/g1bUh6q0WIp9voPXJ/x0j+ZL45KF1pJd9+q2jLIRMfvEshkA=="],

    "protobufjs": ["protobufjs@7.6.4", "https://registry.npmmirror.com/protobufjs/-/protobufjs-7.6.4.tgz", { "dependencies": { "@protobufjs/aspromise": "^1.1.2", "@protobufjs/base64": "^1.1.2", "@protobufjs/codegen": "^2.0.5", "@protobufjs/eventemitter": "^1.1.1", "@protobufjs/fetch": "^1.1.1", "@protobufjs/float": "^1.0.2", "@protobufjs/path": "^1.1.2", "@protobufjs/pool": "^1.1.0", "@protobufjs/utf8": "^1.1.1", "@types/node": ">=13.7.0", "long": "^5.3.2" } }, "sha512-RJJPTTpvFfHcWLkIa2JFWK4XvtSzS0yEWDmunqHXli1h3JlkbcQZXDZdcWxv+JK3Xsl5/UFDPZ0iGm7DAengYw=="],

    "proxy-from-env": ["proxy-from-env@1.1.0", "https://registry.npmmirror.com/proxy-from-env/-/proxy-from-env-1.1.0.tgz", {}, "sha512-D+zkORCbA9f1tdWRK0RaCR3GPv50cMxcrz4X8k5LTSUD1Dkw47mKJEZQNunItRTkWwgtaUSo1RVFRIG9ZXiFYg=="],

    "qs": ["qs@6.15.2", "https://registry.npmmirror.com/qs/-/qs-6.15.2.tgz", { "dependencies": { "side-channel": "^1.1.0" } }, "sha512-Rzq0KEyX/w/tEybncDgdkZrJgVUsUMk3xjh3t5bv3S1HTAtg+uOYt72+ZfwiQwKdysThkTBdL/rTi6HDmX9Ddw=="],

    "quick-format-unescaped": ["quick-format-unescaped@4.0.4", "https://registry.npmmirror.com/quick-format-unescaped/-/quick-format-unescaped-4.0.4.tgz", {}, "sha512-tYC1Q1hgyRuHgloV/YXs2w15unPVh8qfu/qCTfhTYamaw7fyhumKa2yGpdSo87vY32rIclj+4fWYQXUMs9EHvg=="],

    "real-require": ["real-require@0.2.0", "https://registry.npmmirror.com/real-require/-/real-require-0.2.0.tgz", {}, "sha512-57frrGM/OCTLqLOAh0mhVA9VBMHd+9U7Zb2THMGdBUoZVOtGbJzjxsYGDJ3A9AYYCP4hn6y1TVbaOfzWtm5GFg=="],

    "retry": ["retry@0.13.1", "https://registry.npmmirror.com/retry/-/retry-0.13.1.tgz", {}, "sha512-XQBQ3I8W1Cge0Seh+6gjj03LbmRFWuoszgK9ooCpwYIrhhoO80pfq4cUkU5DkknwfOfFteRwlZ56PYOGYyFWdg=="],

    "safe-stable-stringify": ["safe-stable-stringify@2.5.0", "https://registry.npmmirror.com/safe-stable-stringify/-/safe-stable-stringify-2.5.0.tgz", {}, "sha512-b3rppTKm9T+PsVCBEOUR46GWI7fdOs00VKZ1+9c1EWDaDMvjQc6tUwuFyIprgGgTcWoVHSKrU8H31ZHA2e0RHA=="],

    "shebang-command": ["shebang-command@2.0.0", "https://registry.npmmirror.com/shebang-command/-/shebang-command-2.0.0.tgz", { "dependencies": { "shebang-regex": "^3.0.0" } }, "sha512-kHxr2zZpYtdmrN1qDjrrX/Z1rR1kG8Dx+gkpK1G4eXmvXswmcE1hTWBWYUzlraYw1/yZp6YuDY77YtvbN0dmDA=="],

    "shebang-regex": ["shebang-regex@3.0.0", "https://registry.npmmirror.com/shebang-regex/-/shebang-regex-3.0.0.tgz", {}, "sha512-7++dFhtcx3353uBaq8DDR4NuxBetBzC7ZQOhmTQInHEd6bSrXdiEyzCvG07Z44UYdLShWUyXt5M/yhz8ekcb1A=="],

    "side-channel": ["side-channel@1.1.1", "https://registry.npmmirror.com/side-channel/-/side-channel-1.1.1.tgz", { "dependencies": { "es-errors": "^1.3.0", "object-inspect": "^1.13.4", "side-channel-list": "^1.0.1", "side-channel-map": "^1.0.1", "side-channel-weakmap": "^1.0.2" } }, "sha512-6x6dK6zJdpTzF4sQeNYxwtvBzf6Eg4GtlesS94HOvTudUeyK2WXAaIfmDgsyslYrRBeFIlsi54AYsFGUuhmvrQ=="],

    "side-channel-list": ["side-channel-list@1.0.1", "https://registry.npmmirror.com/side-channel-list/-/side-channel-list-1.0.1.tgz", { "dependencies": { "es-errors": "^1.3.0", "object-inspect": "^1.13.4" } }, "sha512-mjn/0bi/oUURjc5Xl7IaWi/OJJJumuoJFQJfDDyO46+hBWsfaVM65TBHq2eoZBhzl9EchxOijpkbRC8SVBQU0w=="],

    "side-channel-map": ["side-channel-map@1.0.1", "https://registry.npmmirror.com/side-channel-map/-/side-channel-map-1.0.1.tgz", { "dependencies": { "call-bound": "^1.0.2", "es-errors": "^1.3.0", "get-intrinsic": "^1.2.5", "object-inspect": "^1.13.3" } }, "sha512-VCjCNfgMsby3tTdo02nbjtM/ewra6jPHmpThenkTYh8pG9ucZ/1P8So4u4FGBek/BjpOVsDCMoLA/iuBKIFXRA=="],

    "side-channel-weakmap": ["side-channel-weakmap@1.0.2", "https://registry.npmmirror.com/side-channel-weakmap/-/side-channel-weakmap-1.0.2.tgz", { "dependencies": { "call-bound": "^1.0.2", "es-errors": "^1.3.0", "get-intrinsic": "^1.2.5", "object-inspect": "^1.13.3", "side-channel-map": "^1.0.1" } }, "sha512-WPS/HvHQTYnHisLo9McqBHOJk2FkHO/tlpvldyrnem4aeQp4hai3gythswg6p01oSoTl58rcpiFAjF2br2Ak2A=="],

    "sonic-boom": ["sonic-boom@4.2.1", "https://registry.npmmirror.com/sonic-boom/-/sonic-boom-4.2.1.tgz", { "dependencies": { "atomic-sleep": "^1.0.0" } }, "sha512-w6AxtubXa2wTXAUsZMMWERrsIRAdrK0Sc+FUytWvYAhBJLyuI4llrMIC1DtlNSdI99EI86KZum2MMq3EAZlF9Q=="],

    "split2": ["split2@4.2.0", "https://registry.npmmirror.com/split2/-/split2-4.2.0.tgz", {}, "sha512-UcjcJOWknrNkF6PLX83qcHM6KHgVKNkV62Y8a5uYDVv9ydGQVwAHMKqHdJje1VTWpljG0WYpCDhrCdAOYH4TWg=="],

    "strnum": ["strnum@2.4.0", "https://registry.npmmirror.com/strnum/-/strnum-2.4.0.tgz", { "dependencies": { "anynum": "^1.0.0" } }, "sha512-sHrVyWWdq28RbhjuJdZsA1SnGRJV6NiXbk6AXBxDOsgAcA+lmpUZCYjOdLBxkXMwis6RRe7dlZt4VlIWFVzkmg=="],

    "thread-stream": ["thread-stream@3.2.0", "https://registry.npmmirror.com/thread-stream/-/thread-stream-3.2.0.tgz", { "dependencies": { "real-require": "^0.2.0" } }, "sha512-zLBvqpwr4Esa0kRjcrzGU6zL25lePWaCLMx0RQFrmteozIfeNdaMLpG5U7PeHzvlFkAWaRKA9/KVW4F60iB+qw=="],

    "tr46": ["tr46@0.0.3", "https://registry.npmmirror.com/tr46/-/tr46-0.0.3.tgz", {}, "sha512-N3WMsuqV66lT30CrXNbEjx4GEwlow3v6rr4mCcv6prnfwhS01rkgyFdjPNBYd9br7LpXV1+Emh01fHnq2Gdgrw=="],

    "typescript": ["typescript@5.9.3", "https://registry.npmmirror.com/typescript/-/typescript-5.9.3.tgz", { "bin": { "tsc": "bin/tsc", "tsserver": "bin/tsserver" } }, "sha512-jl1vZzPDinLr9eUt3J/t7V6FgNEw9QjvBPdysz9KfQDD41fQrC2Y4vKQdiaUpFT4bXlb1RHhLpp8wtm6M5TgSw=="],

    "undici-types": ["undici-types@6.21.0", "https://registry.npmmirror.com/undici-types/-/undici-types-6.21.0.tgz", {}, "sha512-iwDZqg0QAGrg9Rav5H4n0M64c3mkR59cJ6wQp+7C4nI0gsmExaedaYLNO44eT4AtBBwjbTiGPMlt2Md0T9H9JQ=="],

    "webidl-conversions": ["webidl-conversions@3.0.1", "https://registry.npmmirror.com/webidl-conversions/-/webidl-conversions-3.0.1.tgz", {}, "sha512-2JAn3z8AR6rjK8Sm8orRC0h/bcl/DqL7tRPdGZ4I1CjdF+EaMLmYxBHyXuKL849eucPFhvBoxMsflfOb8kxaeQ=="],

    "whatwg-url": ["whatwg-url@5.0.0", "https://registry.npmmirror.com/whatwg-url/-/whatwg-url-5.0.0.tgz", { "dependencies": { "tr46": "~0.0.3", "webidl-conversions": "^3.0.0" } }, "sha512-saE57nupxk6v3HY35+jzBwYa0rKSy0XR8JSxZPwgLr7ys0IBzhGviA1/TUGJLmSVqs8pb9AnvICXEuOHLprYTw=="],

    "which": ["which@2.0.2", "https://registry.npmmirror.com/which/-/which-2.0.2.tgz", { "dependencies": { "isexe": "^2.0.0" }, "bin": { "node-which": "./bin/node-which" } }, "sha512-BLI3Tl1TW3Pvl70l3yq3Y64i+awpwXqsGBYWkkqMtnbXgrMD+yj7rhW0kuEDxzJaYXGjEW5ogapKNMEKNMjibA=="],

    "ws": ["ws@8.21.0", "https://registry.npmmirror.com/ws/-/ws-8.21.0.tgz", { "peerDependencies": { "bufferutil": "^4.0.1", "utf-8-validate": ">=5.0.2" }, "optionalPeers": ["bufferutil", "utf-8-validate"] }, "sha512-Vsp28b7DRcimFQvrqu2Wek3z1iYxDCWqHYB8Qsnk/S4RfaCQzPGPyBNuVjJV3cd6UiKtUtp6sNM77gWvzcCH+g=="],

    "xml-naming": ["xml-naming@0.1.0", "https://registry.npmmirror.com/xml-naming/-/xml-naming-0.1.0.tgz", {}, "sha512-k8KO9hrMyNk6tUWqUfkTEZbezRRpONVOzUTnc97VnCvyj6Tf9lyUR9EDAIeiVLv56jsMcoXEwjW8Kv5yPY52lw=="],

    "@slack/web-api/axios": ["axios@1.18.0", "https://registry.npmmirror.com/axios/-/axios-1.18.0.tgz", { "dependencies": { "follow-redirects": "^1.16.0", "form-data": "^4.0.5", "https-proxy-agent": "^5.0.1", "proxy-from-env": "^2.1.0" } }, "sha512-E32NzpYKp++W7XRe52rHiXV2ehxmh3wbdgO7MHeFM+vqxLBYHzt0ElkiImtOBxtOmyp0yoC8C6uESVV84Y2/hw=="],

    "@wecom/aibot-node-sdk/axios": ["axios@1.18.0", "https://registry.npmmirror.com/axios/-/axios-1.18.0.tgz", { "dependencies": { "follow-redirects": "^1.16.0", "form-data": "^4.0.5", "https-proxy-agent": "^5.0.1", "proxy-from-env": "^2.1.0" } }, "sha512-E32NzpYKp++W7XRe52rHiXV2ehxmh3wbdgO7MHeFM+vqxLBYHzt0ElkiImtOBxtOmyp0yoC8C6uESVV84Y2/hw=="],

    "p-queue/eventemitter3": ["eventemitter3@4.0.7", "https://registry.npmmirror.com/eventemitter3/-/eventemitter3-4.0.7.tgz", {}, "sha512-8guHBZCwKnFhYdHr2ysuRWErTwhoN2X8XELRlrRwpmfeY2jjuUN4taQMsULKUVo1K4DvZl+0pgfyoysHxvmvEw=="],

    "@slack/web-api/axios/proxy-from-env": ["proxy-from-env@2.1.0", "https://registry.npmmirror.com/proxy-from-env/-/proxy-from-env-2.1.0.tgz", {}, "sha512-cJ+oHTW1VAEa8cJslgmUZrc+sjRKgAKl3Zyse6+PV38hZe/V6Z14TbCuXcan9F9ghlz4QrFr2c92TNF82UkYHA=="],

    "@wecom/aibot-node-sdk/axios/proxy-from-env": ["proxy-from-env@2.1.0", "https://registry.npmmirror.com/proxy-from-env/-/proxy-from-env-2.1.0.tgz", {}, "sha512-cJ+oHTW1VAEa8cJslgmUZrc+sjRKgAKl3Zyse6+PV38hZe/V6Z14TbCuXcan9F9ghlz4QrFr2c92TNF82UkYHA=="],
  }
}
